
Microsoft Visual Studio Solution File, Format Version 12.00
# Visual Studio 2012
Project("{F184B08F-C81C-45F6-A57F-5ABD9991F28F}") = "WindowsApplication1", "WindowsApplication1\WindowsApplication1.vbproj", "{EED396AC-6582-4BF1-9325-A6C320759EEE}"
EndProject
Global
	GlobalSection(SolutionConfigurationPlatforms) = preSolution
		Debug|Any CPU = Debug|Any CPU
		Release|Any CPU = Release|Any CPU
	EndGlobalSection
	GlobalSection(ProjectConfigurationPlatforms) = postSolution
		{EED396AC-6582-4BF1-9325-A6C320759EEE}.Debug|Any CPU.ActiveCfg = Debug|Any CPU
		{EED396AC-6582-4BF1-9325-A6C320759EEE}.Debug|Any CPU.Build.0 = Debug|Any CPU
		{EED396AC-6582-4BF1-9325-A6C320759EEE}.Release|Any CPU.ActiveCfg = Release|Any CPU
		{EED396AC-6582-4BF1-9325-A6C320759EEE}.Release|Any CPU.Build.0 = Release|Any CPU
	EndGlobalSection
	GlobalSection(SolutionProperties) = preSolution
		HideSolutionNode = FALSE
	EndGlobalSection
EndGlobal
