
Microsoft Visual Studio Solution File, Format Version 12.00
# Visual Studio 2012
Project("{F184B08F-C81C-45F6-A57F-5ABD9991F28F}") = "WindowsApplication9", "WindowsApplication9\WindowsApplication9.vbproj", "{314C9AA9-2D3F-47F3-9D91-6732273DF99B}"
EndProject
Global
	GlobalSection(SolutionConfigurationPlatforms) = preSolution
		Debug|Any CPU = Debug|Any CPU
		Release|Any CPU = Release|Any CPU
	EndGlobalSection
	GlobalSection(ProjectConfigurationPlatforms) = postSolution
		{314C9AA9-2D3F-47F3-9D91-6732273DF99B}.Debug|Any CPU.ActiveCfg = Debug|Any CPU
		{314C9AA9-2D3F-47F3-9D91-6732273DF99B}.Debug|Any CPU.Build.0 = Debug|Any CPU
		{314C9AA9-2D3F-47F3-9D91-6732273DF99B}.Release|Any CPU.ActiveCfg = Release|Any CPU
		{314C9AA9-2D3F-47F3-9D91-6732273DF99B}.Release|Any CPU.Build.0 = Release|Any CPU
	EndGlobalSection
	GlobalSection(SolutionProperties) = preSolution
		HideSolutionNode = FALSE
	EndGlobalSection
EndGlobal
